{
  "name": "RJ4",
  "lockfileVersion": 3,
  "requires": true,
  "packages": {
    "": {
      "dependencies": {
        "rj4-modulo": "github:LucasAraujo1016/RJ4-Modulo"
      }
    },
    "node_modules/rj4-modulo": {
      "version": "1.0.0",
      "resolved": "git+ssh://git@github.com/LucasAraujo1016/RJ4-Modulo.git#fd6e94fc751a74fd8cf14db31054d5d81fdcd2ae",
      "license": "ISC"
    }
  }
}
